
Microsoft Visual Studio Solution File, Format Version 12.00
# Visual Studio Version 17
VisualStudioVersion = 17.13.35825.156
MinimumVisualStudioVersion = 10.0.40219.1
Project("{FAE04EC0-301F-11D3-BF4B-00C04F79EFBC}") = "Demo1203", "Demo1203\Demo1203.csproj", "{535654F4-3E2D-471E-A53B-B06823035B4E}"
EndProject
Global
	GlobalSection(SolutionConfigurationPlatforms) = preSolution
		Debug|Any CPU = Debug|Any CPU
		Release|Any CPU = Release|Any CPU
	EndGlobalSection
	GlobalSection(ProjectConfigurationPlatforms) = postSolution
		{535654F4-3E2D-471E-A53B-B06823035B4E}.Debug|Any CPU.ActiveCfg = Debug|Any CPU
		{535654F4-3E2D-471E-A53B-B06823035B4E}.Debug|Any CPU.Build.0 = Debug|Any CPU
		{535654F4-3E2D-471E-A53B-B06823035B4E}.Release|Any CPU.ActiveCfg = Release|Any CPU
		{535654F4-3E2D-471E-A53B-B06823035B4E}.Release|Any CPU.Build.0 = Release|Any CPU
	EndGlobalSection
	GlobalSection(SolutionProperties) = preSolution
		HideSolutionNode = FALSE
	EndGlobalSection
	GlobalSection(ExtensibilityGlobals) = postSolution
		SolutionGuid = {E4D3AC14-4326-43BF-8953-4BEA9FEB6E4F}
	EndGlobalSection
EndGlobal
